
Microsoft Visual Studio Solution File, Format Version 12.00
# Visual Studio 15
Project("{FAE04EC0-301F-11D3-BF4B-00C04F79EFBC}") = "Assembly-CSharp", "Assembly-CSharp.csproj", "{B0A49D9B-E077-3614-CFF3-9EAED508E108}"
EndProject
Project("{FAE04EC0-301F-11D3-BF4B-00C04F79EFBC}") = "PhotonUnityNetworking.Demos", "PhotonUnityNetworking.Demos.csproj", "{E9267434-DCF2-5F27-1B41-5D4575C02CEF}"
EndProject
Project("{FAE04EC0-301F-11D3-BF4B-00C04F79EFBC}") = "PhotonUnityNetworking.Utilities", "PhotonUnityNetworking.Utilities.csproj", "{DE5F3BD8-8504-6CFE-F6D5-31921E03D469}"
EndProject
Project("{FAE04EC0-301F-11D3-BF4B-00C04F79EFBC}") = "PhotonChat", "PhotonChat.csproj", "{24488950-B8E3-06DD-7A50-09CF4A623A2B}"
EndProject
Project("{FAE04EC0-301F-11D3-BF4B-00C04F79EFBC}") = "PhotonUnityNetworking", "PhotonUnityNetworking.csproj", "{C26AA93F-1BED-4437-2585-3037E4ACB296}"
EndProject
Project("{FAE04EC0-301F-11D3-BF4B-00C04F79EFBC}") = "PhotonRealtime", "PhotonRealtime.csproj", "{68277392-1715-09B9-8897-7450026F13C8}"
EndProject
Project("{FAE04EC0-301F-11D3-BF4B-00C04F79EFBC}") = "PhotonUnityNetworking.Editor", "PhotonUnityNetworking.Editor.csproj", "{10673272-4338-7C22-832C-EA9B0C8C8473}"
EndProject
Project("{FAE04EC0-301F-11D3-BF4B-00C04F79EFBC}") = "PunDemos.DemoSlotcarEditor", "PunDemos.DemoSlotcarEditor.csproj", "{584B0F21-7FC8-DBE7-3E44-FB202AE7B1A3}"
EndProject
Project("{FAE04EC0-301F-11D3-BF4B-00C04F79EFBC}") = "PhotonUnityNetworking.Utilities.PhotonPlayer.Editor", "PhotonUnityNetworking.Utilities.PhotonPlayer.Editor.csproj", "{5C83E8E1-B398-B2C0-7F86-36DD0A8BE804}"
EndProject
Project("{FAE04EC0-301F-11D3-BF4B-00C04F79EFBC}") = "PhotonUnityNetworking.Utilities.Culling.Editor", "PhotonUnityNetworking.Utilities.Culling.Editor.csproj", "{F1191FCD-2D84-EC0C-53BA-9CA5775EA2C9}"
EndProject
Project("{FAE04EC0-301F-11D3-BF4B-00C04F79EFBC}") = "PunDemos.DemoHubEditor", "PunDemos.DemoHubEditor.csproj", "{F44A7356-4F57-BBEF-8717-5BBCC148582B}"
EndProject
Global
	GlobalSection(SolutionConfigurationPlatforms) = preSolution
		Debug|Any CPU = Debug|Any CPU
		Release|Any CPU = Release|Any CPU
	EndGlobalSection
	GlobalSection(ProjectConfigurationPlatforms) = postSolution
		{B0A49D9B-E077-3614-CFF3-9EAED508E108}.Debug|Any CPU.ActiveCfg = Debug|Any CPU
		{B0A49D9B-E077-3614-CFF3-9EAED508E108}.Debug|Any CPU.Build.0 = Debug|Any CPU
		{B0A49D9B-E077-3614-CFF3-9EAED508E108}.Release|Any CPU.ActiveCfg = Release|Any CPU
		{B0A49D9B-E077-3614-CFF3-9EAED508E108}.Release|Any CPU.Build.0 = Release|Any CPU
		{E9267434-DCF2-5F27-1B41-5D4575C02CEF}.Debug|Any CPU.ActiveCfg = Debug|Any CPU
		{E9267434-DCF2-5F27-1B41-5D4575C02CEF}.Debug|Any CPU.Build.0 = Debug|Any CPU
		{E9267434-DCF2-5F27-1B41-5D4575C02CEF}.Release|Any CPU.ActiveCfg = Release|Any CPU
		{E9267434-DCF2-5F27-1B41-5D4575C02CEF}.Release|Any CPU.Build.0 = Release|Any CPU
		{DE5F3BD8-8504-6CFE-F6D5-31921E03D469}.Debug|Any CPU.ActiveCfg = Debug|Any CPU
		{DE5F3BD8-8504-6CFE-F6D5-31921E03D469}.Debug|Any CPU.Build.0 = Debug|Any CPU
		{DE5F3BD8-8504-6CFE-F6D5-31921E03D469}.Release|Any CPU.ActiveCfg = Release|Any CPU
		{DE5F3BD8-8504-6CFE-F6D5-31921E03D469}.Release|Any CPU.Build.0 = Release|Any CPU
		{24488950-B8E3-06DD-7A50-09CF4A623A2B}.Debug|Any CPU.ActiveCfg = Debug|Any CPU
		{24488950-B8E3-06DD-7A50-09CF4A623A2B}.Debug|Any CPU.Build.0 = Debug|Any CPU
		{24488950-B8E3-06DD-7A50-09CF4A623A2B}.Release|Any CPU.ActiveCfg = Release|Any CPU
		{24488950-B8E3-06DD-7A50-09CF4A623A2B}.Release|Any CPU.Build.0 = Release|Any CPU
		{C26AA93F-1BED-4437-2585-3037E4ACB296}.Debug|Any CPU.ActiveCfg = Debug|Any CPU
		{C26AA93F-1BED-4437-2585-3037E4ACB296}.Debug|Any CPU.Build.0 = Debug|Any CPU
		{C26AA93F-1BED-4437-2585-3037E4ACB296}.Release|Any CPU.ActiveCfg = Release|Any CPU
		{C26AA93F-1BED-4437-2585-3037E4ACB296}.Release|Any CPU.Build.0 = Release|Any CPU
		{68277392-1715-09B9-8897-7450026F13C8}.Debug|Any CPU.ActiveCfg = Debug|Any CPU
		{68277392-1715-09B9-8897-7450026F13C8}.Debug|Any CPU.Build.0 = Debug|Any CPU
		{68277392-1715-09B9-8897-7450026F13C8}.Release|Any CPU.ActiveCfg = Release|Any CPU
		{68277392-1715-09B9-8897-7450026F13C8}.Release|Any CPU.Build.0 = Release|Any CPU
		{10673272-4338-7C22-832C-EA9B0C8C8473}.Debug|Any CPU.ActiveCfg = Debug|Any CPU
		{10673272-4338-7C22-832C-EA9B0C8C8473}.Debug|Any CPU.Build.0 = Debug|Any CPU
		{10673272-4338-7C22-832C-EA9B0C8C8473}.Release|Any CPU.ActiveCfg = Release|Any CPU
		{10673272-4338-7C22-832C-EA9B0C8C8473}.Release|Any CPU.Build.0 = Release|Any CPU
		{584B0F21-7FC8-DBE7-3E44-FB202AE7B1A3}.Debug|Any CPU.ActiveCfg = Debug|Any CPU
		{584B0F21-7FC8-DBE7-3E44-FB202AE7B1A3}.Debug|Any CPU.Build.0 = Debug|Any CPU
		{584B0F21-7FC8-DBE7-3E44-FB202AE7B1A3}.Release|Any CPU.ActiveCfg = Release|Any CPU
		{584B0F21-7FC8-DBE7-3E44-FB202AE7B1A3}.Release|Any CPU.Build.0 = Release|Any CPU
		{5C83E8E1-B398-B2C0-7F86-36DD0A8BE804}.Debug|Any CPU.ActiveCfg = Debug|Any CPU
		{5C83E8E1-B398-B2C0-7F86-36DD0A8BE804}.Debug|Any CPU.Build.0 = Debug|Any CPU
		{5C83E8E1-B398-B2C0-7F86-36DD0A8BE804}.Release|Any CPU.ActiveCfg = Release|Any CPU
		{5C83E8E1-B398-B2C0-7F86-36DD0A8BE804}.Release|Any CPU.Build.0 = Release|Any CPU
		{F1191FCD-2D84-EC0C-53BA-9CA5775EA2C9}.Debug|Any CPU.ActiveCfg = Debug|Any CPU
		{F1191FCD-2D84-EC0C-53BA-9CA5775EA2C9}.Debug|Any CPU.Build.0 = Debug|Any CPU
		{F1191FCD-2D84-EC0C-53BA-9CA5775EA2C9}.Release|Any CPU.ActiveCfg = Release|Any CPU
		{F1191FCD-2D84-EC0C-53BA-9CA5775EA2C9}.Release|Any CPU.Build.0 = Release|Any CPU
		{F44A7356-4F57-BBEF-8717-5BBCC148582B}.Debug|Any CPU.ActiveCfg = Debug|Any CPU
		{F44A7356-4F57-BBEF-8717-5BBCC148582B}.Debug|Any CPU.Build.0 = Debug|Any CPU
		{F44A7356-4F57-BBEF-8717-5BBCC148582B}.Release|Any CPU.ActiveCfg = Release|Any CPU
		{F44A7356-4F57-BBEF-8717-5BBCC148582B}.Release|Any CPU.Build.0 = Release|Any CPU
	EndGlobalSection
	GlobalSection(SolutionProperties) = preSolution
		HideSolutionNode = FALSE
	EndGlobalSection
EndGlobal
